
Microsoft Visual Studio Solution File, Format Version 12.00
# Visual Studio Version 17
VisualStudioVersion = 17.11.35327.3
MinimumVisualStudioVersion = 10.0.40219.1
Project("{FAE04EC0-301F-11D3-BF4B-00C04F79EFBC}") = "zadanie 1", "zadanie 1\zadanie 1.csproj", "{35E6CB68-1F94-490F-9823-2B67C17AEADA}"
EndProject
Project("{FAE04EC0-301F-11D3-BF4B-00C04F79EFBC}") = "zadanie 2", "zadanie 2\zadanie 2.csproj", "{6568B4EC-4A08-49E1-ACAD-7C5E4F6C04A6}"
EndProject
Project("{FAE04EC0-301F-11D3-BF4B-00C04F79EFBC}") = "Zadanie 3", "Zadanie 3\Zadanie 3.csproj", "{0AE31002-5BB8-48A5-861D-2E198037B055}"
EndProject
Project("{FAE04EC0-301F-11D3-BF4B-00C04F79EFBC}") = "Zadanie 4", "Zadanie 4\Zadanie 4.csproj", "{2CFD9E90-B403-4970-9AAC-192E9ADB8937}"
EndProject
Project("{FAE04EC0-301F-11D3-BF4B-00C04F79EFBC}") = "Zadanie 5", "Zadanie 5\Zadanie 5.csproj", "{A9F1CB39-8F0B-49C6-B608-D675E4AC6651}"
EndProject
Project("{FAE04EC0-301F-11D3-BF4B-00C04F79EFBC}") = "2 zadanie 1", "2 zadanie 1\2 zadanie 1.csproj", "{8F74A416-B92F-4D68-A677-AD0E285487B2}"
EndProject
Project("{FAE04EC0-301F-11D3-BF4B-00C04F79EFBC}") = "2 zadanie 2", "2 zadanie 2\2 zadanie 2.csproj", "{07940681-BA5F-4C74-8FDF-99B45A28AB81}"
EndProject
Project("{FAE04EC0-301F-11D3-BF4B-00C04F79EFBC}") = "2 zadanie 3", "2 zadanie 3\2 zadanie 3.csproj", "{AD3652CF-45C8-4AB0-9B4B-0106A3590CBA}"
EndProject
Project("{FAE04EC0-301F-11D3-BF4B-00C04F79EFBC}") = "2 zadanie 4", "2 zadanie 4\2 zadanie 4.csproj", "{46941E3A-CFCD-43D1-98E6-7AE42DD787C7}"
EndProject
Project("{FAE04EC0-301F-11D3-BF4B-00C04F79EFBC}") = "2 zadanie 5", "2 zadanie 5\2 zadanie 5.csproj", "{2BEB7196-61CB-4076-9A49-A63F6B793926}"
EndProject
Project("{FAE04EC0-301F-11D3-BF4B-00C04F79EFBC}") = "2 zadanie 6", "2 zadanie 6\2 zadanie 6.csproj", "{A63C2B6B-B73F-4549-80E7-B36080D0563A}"
EndProject
Project("{FAE04EC0-301F-11D3-BF4B-00C04F79EFBC}") = "2 zadanie 7", "2 zadanie 7\2 zadanie 7.csproj", "{A68F2EDD-0C4D-4B0A-8919-3CA238E8EFA0}"
EndProject
Project("{FAE04EC0-301F-11D3-BF4B-00C04F79EFBC}") = "2 zadanie 8", "2 zadanie 8\2 zadanie 8.csproj", "{86B3D808-6A61-459E-810D-720640959DA0}"
EndProject
Project("{FAE04EC0-301F-11D3-BF4B-00C04F79EFBC}") = "2 zadanie 9", "2 zadanie 9\2 zadanie 9.csproj", "{CF488C0B-9FAC-4D2E-A103-C26B98478F39}"
EndProject
Project("{FAE04EC0-301F-11D3-BF4B-00C04F79EFBC}") = "2 zadanie 10", "2 zadanie 10\2 zadanie 10.csproj", "{DFA42A84-4130-49C5-BFB5-2B58068AE69B}"
EndProject
Project("{FAE04EC0-301F-11D3-BF4B-00C04F79EFBC}") = "3 zadanie 1", "3 zadanie 1\3 zadanie 1.csproj", "{642BB5BF-B5D3-4E4B-8C7B-6AC3067FE51A}"
EndProject
Project("{FAE04EC0-301F-11D3-BF4B-00C04F79EFBC}") = "3 zadanie 2", "3 zadanie 2\3 zadanie 2.csproj", "{FE77DF0A-0EFC-4F21-8D5D-FA92F70DFC9F}"
EndProject
Project("{FAE04EC0-301F-11D3-BF4B-00C04F79EFBC}") = "3 zadanie 3", "3 zadanie 3\3 zadanie 3.csproj", "{A4E82330-C3A4-415E-AE34-FD98CB121F1F}"
EndProject
Project("{FAE04EC0-301F-11D3-BF4B-00C04F79EFBC}") = "3 zadanie 4", "3 zadanie 4\3 zadanie 4.csproj", "{BB9047D8-A54E-4702-B0D0-1F5B3F3D835A}"
EndProject
Project("{FAE04EC0-301F-11D3-BF4B-00C04F79EFBC}") = "3 zadanie 5", "3 zadanie 5\3 zadanie 5.csproj", "{C97C2D2A-6A9A-4C89-B266-3DC18F37A898}"
EndProject
Project("{FAE04EC0-301F-11D3-BF4B-00C04F79EFBC}") = "3 zadanie 6", "3 zadanie 6\3 zadanie 6.csproj", "{10228402-48FF-4EFA-B2B3-D885EFA2D31F}"
EndProject
Project("{FAE04EC0-301F-11D3-BF4B-00C04F79EFBC}") = "3 zadanie 7", "3 zadanie 7\3 zadanie 7.csproj", "{6F79420C-A9E3-449F-ABE2-B1F93FF0D070}"
EndProject
Project("{FAE04EC0-301F-11D3-BF4B-00C04F79EFBC}") = "3 zadanie 8", "3 zadanie 8\3 zadanie 8.csproj", "{5ECF67FF-5A3A-4E47-84EA-AA916BD8AC1A}"
EndProject
Project("{FAE04EC0-301F-11D3-BF4B-00C04F79EFBC}") = "3 zadanie 9", "3 zadanie 9\3 zadanie 9.csproj", "{68247F15-4A83-48A6-8723-B2F14E6BA232}"
EndProject
Project("{FAE04EC0-301F-11D3-BF4B-00C04F79EFBC}") = "3 zadanie 10", "3 zadanie 10\3 zadanie 10.csproj", "{4F85D786-DFC3-4D7B-9C93-CF0E007AB043}"
EndProject
Project("{FAE04EC0-301F-11D3-BF4B-00C04F79EFBC}") = "3 zadanie 11", "3 zadanie 11\3 zadanie 11.csproj", "{7B38CA02-DE86-4023-8D25-127092FE709D}"
EndProject
Project("{FAE04EC0-301F-11D3-BF4B-00C04F79EFBC}") = "3 zadanie 12", "3 zadanie 12\3 zadanie 12.csproj", "{E1A72AAF-10CE-4AA7-83F8-D3C37BA2E506}"
EndProject
Project("{FAE04EC0-301F-11D3-BF4B-00C04F79EFBC}") = "3 zadanie 13", "3 zadanie 13\3 zadanie 13.csproj", "{CE0A2BB4-FBF8-4470-AEBD-9124C0A067AC}"
EndProject
Project("{FAE04EC0-301F-11D3-BF4B-00C04F79EFBC}") = "3 zadanie 14", "3 zadanie 14\3 zadanie 14.csproj", "{925C92AC-4ED4-43D6-89E2-A42DD841B789}"
EndProject
Project("{FAE04EC0-301F-11D3-BF4B-00C04F79EFBC}") = "4 zadanie 1", "4 zadanie 1\4 zadanie 1.csproj", "{3606E5A0-75F1-45E9-B72C-CEAA3575853B}"
EndProject
Project("{FAE04EC0-301F-11D3-BF4B-00C04F79EFBC}") = "4 zadanie 2", "4 zadanie 2\4 zadanie 2.csproj", "{38EEB905-C28C-474A-BADD-C40B8653307F}"
EndProject
Project("{FAE04EC0-301F-11D3-BF4B-00C04F79EFBC}") = "4 zadanie 3", "4 zadanie 3\4 zadanie 3.csproj", "{EE974DB3-006A-4B50-BDFE-77F24B4EED7B}"
EndProject
Project("{FAE04EC0-301F-11D3-BF4B-00C04F79EFBC}") = "4 zadanie 4", "4 zadanie 4\4 zadanie 4.csproj", "{36047861-C2BE-4BC6-9B99-DC90DB348415}"
EndProject
Project("{FAE04EC0-301F-11D3-BF4B-00C04F79EFBC}") = "4 zadanie 5", "4 zadanie 5\4 zadanie 5.csproj", "{73886BB2-3887-4813-BAD2-360225878855}"
EndProject
Project("{FAE04EC0-301F-11D3-BF4B-00C04F79EFBC}") = "4 zadanie 6", "4 zadanie 6\4 zadanie 6.csproj", "{8C8FD16D-79D8-427A-BF9C-E8209B107D3E}"
EndProject
Project("{FAE04EC0-301F-11D3-BF4B-00C04F79EFBC}") = "4 zadanie 7", "4 zadanie 7\4 zadanie 7.csproj", "{584795A2-6F74-4495-8575-6BF9CB1D501E}"
EndProject
Project("{FAE04EC0-301F-11D3-BF4B-00C04F79EFBC}") = "4 zadanie 8", "4 zadanie 8\4 zadanie 8.csproj", "{3F02421A-185F-47E5-A8E7-A6A5D83ACCA2}"
EndProject
Project("{FAE04EC0-301F-11D3-BF4B-00C04F79EFBC}") = "4 zadanie 9", "4 zadanie 9\4 zadanie 9.csproj", "{F6ADF314-DFB9-455D-9A66-BD4C85FF189F}"
EndProject
Project("{FAE04EC0-301F-11D3-BF4B-00C04F79EFBC}") = "4 zadanie 10", "4 zadanie 10\4 zadanie 10.csproj", "{3E3BFA3C-B209-41C2-9E8A-7CA17E273AF0}"
EndProject
Project("{FAE04EC0-301F-11D3-BF4B-00C04F79EFBC}") = "4 zadanie 11", "4 zadanie 11\4 zadanie 11.csproj", "{59FE013A-E546-4EFA-90E6-80F48D426EF7}"
EndProject
Global
	GlobalSection(SolutionConfigurationPlatforms) = preSolution
		Debug|Any CPU = Debug|Any CPU
		Release|Any CPU = Release|Any CPU
	EndGlobalSection
	GlobalSection(ProjectConfigurationPlatforms) = postSolution
		{35E6CB68-1F94-490F-9823-2B67C17AEADA}.Debug|Any CPU.ActiveCfg = Debug|Any CPU
		{35E6CB68-1F94-490F-9823-2B67C17AEADA}.Debug|Any CPU.Build.0 = Debug|Any CPU
		{35E6CB68-1F94-490F-9823-2B67C17AEADA}.Release|Any CPU.ActiveCfg = Release|Any CPU
		{35E6CB68-1F94-490F-9823-2B67C17AEADA}.Release|Any CPU.Build.0 = Release|Any CPU
		{6568B4EC-4A08-49E1-ACAD-7C5E4F6C04A6}.Debug|Any CPU.ActiveCfg = Debug|Any CPU
		{6568B4EC-4A08-49E1-ACAD-7C5E4F6C04A6}.Debug|Any CPU.Build.0 = Debug|Any CPU
		{6568B4EC-4A08-49E1-ACAD-7C5E4F6C04A6}.Release|Any CPU.ActiveCfg = Release|Any CPU
		{6568B4EC-4A08-49E1-ACAD-7C5E4F6C04A6}.Release|Any CPU.Build.0 = Release|Any CPU
		{0AE31002-5BB8-48A5-861D-2E198037B055}.Debug|Any CPU.ActiveCfg = Debug|Any CPU
		{0AE31002-5BB8-48A5-861D-2E198037B055}.Debug|Any CPU.Build.0 = Debug|Any CPU
		{0AE31002-5BB8-48A5-861D-2E198037B055}.Release|Any CPU.ActiveCfg = Release|Any CPU
		{0AE31002-5BB8-48A5-861D-2E198037B055}.Release|Any CPU.Build.0 = Release|Any CPU
		{2CFD9E90-B403-4970-9AAC-192E9ADB8937}.Debug|Any CPU.ActiveCfg = Debug|Any CPU
		{2CFD9E90-B403-4970-9AAC-192E9ADB8937}.Debug|Any CPU.Build.0 = Debug|Any CPU
		{2CFD9E90-B403-4970-9AAC-192E9ADB8937}.Release|Any CPU.ActiveCfg = Release|Any CPU
		{2CFD9E90-B403-4970-9AAC-192E9ADB8937}.Release|Any CPU.Build.0 = Release|Any CPU
		{A9F1CB39-8F0B-49C6-B608-D675E4AC6651}.Debug|Any CPU.ActiveCfg = Debug|Any CPU
		{A9F1CB39-8F0B-49C6-B608-D675E4AC6651}.Debug|Any CPU.Build.0 = Debug|Any CPU
		{A9F1CB39-8F0B-49C6-B608-D675E4AC6651}.Release|Any CPU.ActiveCfg = Release|Any CPU
		{A9F1CB39-8F0B-49C6-B608-D675E4AC6651}.Release|Any CPU.Build.0 = Release|Any CPU
		{8F74A416-B92F-4D68-A677-AD0E285487B2}.Debug|Any CPU.ActiveCfg = Debug|Any CPU
		{8F74A416-B92F-4D68-A677-AD0E285487B2}.Debug|Any CPU.Build.0 = Debug|Any CPU
		{8F74A416-B92F-4D68-A677-AD0E285487B2}.Release|Any CPU.ActiveCfg = Release|Any CPU
		{8F74A416-B92F-4D68-A677-AD0E285487B2}.Release|Any CPU.Build.0 = Release|Any CPU
		{07940681-BA5F-4C74-8FDF-99B45A28AB81}.Debug|Any CPU.ActiveCfg = Debug|Any CPU
		{07940681-BA5F-4C74-8FDF-99B45A28AB81}.Debug|Any CPU.Build.0 = Debug|Any CPU
		{07940681-BA5F-4C74-8FDF-99B45A28AB81}.Release|Any CPU.ActiveCfg = Release|Any CPU
		{07940681-BA5F-4C74-8FDF-99B45A28AB81}.Release|Any CPU.Build.0 = Release|Any CPU
		{AD3652CF-45C8-4AB0-9B4B-0106A3590CBA}.Debug|Any CPU.ActiveCfg = Debug|Any CPU
		{AD3652CF-45C8-4AB0-9B4B-0106A3590CBA}.Debug|Any CPU.Build.0 = Debug|Any CPU
		{AD3652CF-45C8-4AB0-9B4B-0106A3590CBA}.Release|Any CPU.ActiveCfg = Release|Any CPU
		{AD3652CF-45C8-4AB0-9B4B-0106A3590CBA}.Release|Any CPU.Build.0 = Release|Any CPU
		{46941E3A-CFCD-43D1-98E6-7AE42DD787C7}.Debug|Any CPU.ActiveCfg = Debug|Any CPU
		{46941E3A-CFCD-43D1-98E6-7AE42DD787C7}.Debug|Any CPU.Build.0 = Debug|Any CPU
		{46941E3A-CFCD-43D1-98E6-7AE42DD787C7}.Release|Any CPU.ActiveCfg = Release|Any CPU
		{46941E3A-CFCD-43D1-98E6-7AE42DD787C7}.Release|Any CPU.Build.0 = Release|Any CPU
		{2BEB7196-61CB-4076-9A49-A63F6B793926}.Debug|Any CPU.ActiveCfg = Debug|Any CPU
		{2BEB7196-61CB-4076-9A49-A63F6B793926}.Debug|Any CPU.Build.0 = Debug|Any CPU
		{2BEB7196-61CB-4076-9A49-A63F6B793926}.Release|Any CPU.ActiveCfg = Release|Any CPU
		{2BEB7196-61CB-4076-9A49-A63F6B793926}.Release|Any CPU.Build.0 = Release|Any CPU
		{A63C2B6B-B73F-4549-80E7-B36080D0563A}.Debug|Any CPU.ActiveCfg = Debug|Any CPU
		{A63C2B6B-B73F-4549-80E7-B36080D0563A}.Debug|Any CPU.Build.0 = Debug|Any CPU
		{A63C2B6B-B73F-4549-80E7-B36080D0563A}.Release|Any CPU.ActiveCfg = Release|Any CPU
		{A63C2B6B-B73F-4549-80E7-B36080D0563A}.Release|Any CPU.Build.0 = Release|Any CPU
		{A68F2EDD-0C4D-4B0A-8919-3CA238E8EFA0}.Debug|Any CPU.ActiveCfg = Debug|Any CPU
		{A68F2EDD-0C4D-4B0A-8919-3CA238E8EFA0}.Debug|Any CPU.Build.0 = Debug|Any CPU
		{A68F2EDD-0C4D-4B0A-8919-3CA238E8EFA0}.Release|Any CPU.ActiveCfg = Release|Any CPU
		{A68F2EDD-0C4D-4B0A-8919-3CA238E8EFA0}.Release|Any CPU.Build.0 = Release|Any CPU
		{86B3D808-6A61-459E-810D-720640959DA0}.Debug|Any CPU.ActiveCfg = Debug|Any CPU
		{86B3D808-6A61-459E-810D-720640959DA0}.Debug|Any CPU.Build.0 = Debug|Any CPU
		{86B3D808-6A61-459E-810D-720640959DA0}.Release|Any CPU.ActiveCfg = Release|Any CPU
		{86B3D808-6A61-459E-810D-720640959DA0}.Release|Any CPU.Build.0 = Release|Any CPU
		{CF488C0B-9FAC-4D2E-A103-C26B98478F39}.Debug|Any CPU.ActiveCfg = Debug|Any CPU
		{CF488C0B-9FAC-4D2E-A103-C26B98478F39}.Debug|Any CPU.Build.0 = Debug|Any CPU
		{CF488C0B-9FAC-4D2E-A103-C26B98478F39}.Release|Any CPU.ActiveCfg = Release|Any CPU
		{CF488C0B-9FAC-4D2E-A103-C26B98478F39}.Release|Any CPU.Build.0 = Release|Any CPU
		{DFA42A84-4130-49C5-BFB5-2B58068AE69B}.Debug|Any CPU.ActiveCfg = Debug|Any CPU
		{DFA42A84-4130-49C5-BFB5-2B58068AE69B}.Debug|Any CPU.Build.0 = Debug|Any CPU
		{DFA42A84-4130-49C5-BFB5-2B58068AE69B}.Release|Any CPU.ActiveCfg = Release|Any CPU
		{DFA42A84-4130-49C5-BFB5-2B58068AE69B}.Release|Any CPU.Build.0 = Release|Any CPU
		{642BB5BF-B5D3-4E4B-8C7B-6AC3067FE51A}.Debug|Any CPU.ActiveCfg = Debug|Any CPU
		{642BB5BF-B5D3-4E4B-8C7B-6AC3067FE51A}.Debug|Any CPU.Build.0 = Debug|Any CPU
		{642BB5BF-B5D3-4E4B-8C7B-6AC3067FE51A}.Release|Any CPU.ActiveCfg = Release|Any CPU
		{642BB5BF-B5D3-4E4B-8C7B-6AC3067FE51A}.Release|Any CPU.Build.0 = Release|Any CPU
		{FE77DF0A-0EFC-4F21-8D5D-FA92F70DFC9F}.Debug|Any CPU.ActiveCfg = Debug|Any CPU
		{FE77DF0A-0EFC-4F21-8D5D-FA92F70DFC9F}.Debug|Any CPU.Build.0 = Debug|Any CPU
		{FE77DF0A-0EFC-4F21-8D5D-FA92F70DFC9F}.Release|Any CPU.ActiveCfg = Release|Any CPU
		{FE77DF0A-0EFC-4F21-8D5D-FA92F70DFC9F}.Release|Any CPU.Build.0 = Release|Any CPU
		{A4E82330-C3A4-415E-AE34-FD98CB121F1F}.Debug|Any CPU.ActiveCfg = Debug|Any CPU
		{A4E82330-C3A4-415E-AE34-FD98CB121F1F}.Debug|Any CPU.Build.0 = Debug|Any CPU
		{A4E82330-C3A4-415E-AE34-FD98CB121F1F}.Release|Any CPU.ActiveCfg = Release|Any CPU
		{A4E82330-C3A4-415E-AE34-FD98CB121F1F}.Release|Any CPU.Build.0 = Release|Any CPU
		{BB9047D8-A54E-4702-B0D0-1F5B3F3D835A}.Debug|Any CPU.ActiveCfg = Debug|Any CPU
		{BB9047D8-A54E-4702-B0D0-1F5B3F3D835A}.Debug|Any CPU.Build.0 = Debug|Any CPU
		{BB9047D8-A54E-4702-B0D0-1F5B3F3D835A}.Release|Any CPU.ActiveCfg = Release|Any CPU
		{BB9047D8-A54E-4702-B0D0-1F5B3F3D835A}.Release|Any CPU.Build.0 = Release|Any CPU
		{C97C2D2A-6A9A-4C89-B266-3DC18F37A898}.Debug|Any CPU.ActiveCfg = Debug|Any CPU
		{C97C2D2A-6A9A-4C89-B266-3DC18F37A898}.Debug|Any CPU.Build.0 = Debug|Any CPU
		{C97C2D2A-6A9A-4C89-B266-3DC18F37A898}.Release|Any CPU.ActiveCfg = Release|Any CPU
		{C97C2D2A-6A9A-4C89-B266-3DC18F37A898}.Release|Any CPU.Build.0 = Release|Any CPU
		{10228402-48FF-4EFA-B2B3-D885EFA2D31F}.Debug|Any CPU.ActiveCfg = Debug|Any CPU
		{10228402-48FF-4EFA-B2B3-D885EFA2D31F}.Debug|Any CPU.Build.0 = Debug|Any CPU
		{10228402-48FF-4EFA-B2B3-D885EFA2D31F}.Release|Any CPU.ActiveCfg = Release|Any CPU
		{10228402-48FF-4EFA-B2B3-D885EFA2D31F}.Release|Any CPU.Build.0 = Release|Any CPU
		{6F79420C-A9E3-449F-ABE2-B1F93FF0D070}.Debug|Any CPU.ActiveCfg = Debug|Any CPU
		{6F79420C-A9E3-449F-ABE2-B1F93FF0D070}.Debug|Any CPU.Build.0 = Debug|Any CPU
		{6F79420C-A9E3-449F-ABE2-B1F93FF0D070}.Release|Any CPU.ActiveCfg = Release|Any CPU
		{6F79420C-A9E3-449F-ABE2-B1F93FF0D070}.Release|Any CPU.Build.0 = Release|Any CPU
		{5ECF67FF-5A3A-4E47-84EA-AA916BD8AC1A}.Debug|Any CPU.ActiveCfg = Debug|Any CPU
		{5ECF67FF-5A3A-4E47-84EA-AA916BD8AC1A}.Debug|Any CPU.Build.0 = Debug|Any CPU
		{5ECF67FF-5A3A-4E47-84EA-AA916BD8AC1A}.Release|Any CPU.ActiveCfg = Release|Any CPU
		{5ECF67FF-5A3A-4E47-84EA-AA916BD8AC1A}.Release|Any CPU.Build.0 = Release|Any CPU
		{68247F15-4A83-48A6-8723-B2F14E6BA232}.Debug|Any CPU.ActiveCfg = Debug|Any CPU
		{68247F15-4A83-48A6-8723-B2F14E6BA232}.Debug|Any CPU.Build.0 = Debug|Any CPU
		{68247F15-4A83-48A6-8723-B2F14E6BA232}.Release|Any CPU.ActiveCfg = Release|Any CPU
		{68247F15-4A83-48A6-8723-B2F14E6BA232}.Release|Any CPU.Build.0 = Release|Any CPU
		{4F85D786-DFC3-4D7B-9C93-CF0E007AB043}.Debug|Any CPU.ActiveCfg = Debug|Any CPU
		{4F85D786-DFC3-4D7B-9C93-CF0E007AB043}.Debug|Any CPU.Build.0 = Debug|Any CPU
		{4F85D786-DFC3-4D7B-9C93-CF0E007AB043}.Release|Any CPU.ActiveCfg = Release|Any CPU
		{4F85D786-DFC3-4D7B-9C93-CF0E007AB043}.Release|Any CPU.Build.0 = Release|Any CPU
		{7B38CA02-DE86-4023-8D25-127092FE709D}.Debug|Any CPU.ActiveCfg = Debug|Any CPU
		{7B38CA02-DE86-4023-8D25-127092FE709D}.Debug|Any CPU.Build.0 = Debug|Any CPU
		{7B38CA02-DE86-4023-8D25-127092FE709D}.Release|Any CPU.ActiveCfg = Release|Any CPU
		{7B38CA02-DE86-4023-8D25-127092FE709D}.Release|Any CPU.Build.0 = Release|Any CPU
		{E1A72AAF-10CE-4AA7-83F8-D3C37BA2E506}.Debug|Any CPU.ActiveCfg = Debug|Any CPU
		{E1A72AAF-10CE-4AA7-83F8-D3C37BA2E506}.Debug|Any CPU.Build.0 = Debug|Any CPU
		{E1A72AAF-10CE-4AA7-83F8-D3C37BA2E506}.Release|Any CPU.ActiveCfg = Release|Any CPU
		{E1A72AAF-10CE-4AA7-83F8-D3C37BA2E506}.Release|Any CPU.Build.0 = Release|Any CPU
		{CE0A2BB4-FBF8-4470-AEBD-9124C0A067AC}.Debug|Any CPU.ActiveCfg = Debug|Any CPU
		{CE0A2BB4-FBF8-4470-AEBD-9124C0A067AC}.Debug|Any CPU.Build.0 = Debug|Any CPU
		{CE0A2BB4-FBF8-4470-AEBD-9124C0A067AC}.Release|Any CPU.ActiveCfg = Release|Any CPU
		{CE0A2BB4-FBF8-4470-AEBD-9124C0A067AC}.Release|Any CPU.Build.0 = Release|Any CPU
		{925C92AC-4ED4-43D6-89E2-A42DD841B789}.Debug|Any CPU.ActiveCfg = Debug|Any CPU
		{925C92AC-4ED4-43D6-89E2-A42DD841B789}.Debug|Any CPU.Build.0 = Debug|Any CPU
		{925C92AC-4ED4-43D6-89E2-A42DD841B789}.Release|Any CPU.ActiveCfg = Release|Any CPU
		{925C92AC-4ED4-43D6-89E2-A42DD841B789}.Release|Any CPU.Build.0 = Release|Any CPU
		{3606E5A0-75F1-45E9-B72C-CEAA3575853B}.Debug|Any CPU.ActiveCfg = Debug|Any CPU
		{3606E5A0-75F1-45E9-B72C-CEAA3575853B}.Debug|Any CPU.Build.0 = Debug|Any CPU
		{3606E5A0-75F1-45E9-B72C-CEAA3575853B}.Release|Any CPU.ActiveCfg = Release|Any CPU
		{3606E5A0-75F1-45E9-B72C-CEAA3575853B}.Release|Any CPU.Build.0 = Release|Any CPU
		{38EEB905-C28C-474A-BADD-C40B8653307F}.Debug|Any CPU.ActiveCfg = Debug|Any CPU
		{38EEB905-C28C-474A-BADD-C40B8653307F}.Debug|Any CPU.Build.0 = Debug|Any CPU
		{38EEB905-C28C-474A-BADD-C40B8653307F}.Release|Any CPU.ActiveCfg = Release|Any CPU
		{38EEB905-C28C-474A-BADD-C40B8653307F}.Release|Any CPU.Build.0 = Release|Any CPU
		{EE974DB3-006A-4B50-BDFE-77F24B4EED7B}.Debug|Any CPU.ActiveCfg = Debug|Any CPU
		{EE974DB3-006A-4B50-BDFE-77F24B4EED7B}.Debug|Any CPU.Build.0 = Debug|Any CPU
		{EE974DB3-006A-4B50-BDFE-77F24B4EED7B}.Release|Any CPU.ActiveCfg = Release|Any CPU
		{EE974DB3-006A-4B50-BDFE-77F24B4EED7B}.Release|Any CPU.Build.0 = Release|Any CPU
		{36047861-C2BE-4BC6-9B99-DC90DB348415}.Debug|Any CPU.ActiveCfg = Debug|Any CPU
		{36047861-C2BE-4BC6-9B99-DC90DB348415}.Debug|Any CPU.Build.0 = Debug|Any CPU
		{36047861-C2BE-4BC6-9B99-DC90DB348415}.Release|Any CPU.ActiveCfg = Release|Any CPU
		{36047861-C2BE-4BC6-9B99-DC90DB348415}.Release|Any CPU.Build.0 = Release|Any CPU
		{73886BB2-3887-4813-BAD2-360225878855}.Debug|Any CPU.ActiveCfg = Debug|Any CPU
		{73886BB2-3887-4813-BAD2-360225878855}.Debug|Any CPU.Build.0 = Debug|Any CPU
		{73886BB2-3887-4813-BAD2-360225878855}.Release|Any CPU.ActiveCfg = Release|Any CPU
		{73886BB2-3887-4813-BAD2-360225878855}.Release|Any CPU.Build.0 = Release|Any CPU
		{8C8FD16D-79D8-427A-BF9C-E8209B107D3E}.Debug|Any CPU.ActiveCfg = Debug|Any CPU
		{8C8FD16D-79D8-427A-BF9C-E8209B107D3E}.Debug|Any CPU.Build.0 = Debug|Any CPU
		{8C8FD16D-79D8-427A-BF9C-E8209B107D3E}.Release|Any CPU.ActiveCfg = Release|Any CPU
		{8C8FD16D-79D8-427A-BF9C-E8209B107D3E}.Release|Any CPU.Build.0 = Release|Any CPU
		{584795A2-6F74-4495-8575-6BF9CB1D501E}.Debug|Any CPU.ActiveCfg = Debug|Any CPU
		{584795A2-6F74-4495-8575-6BF9CB1D501E}.Debug|Any CPU.Build.0 = Debug|Any CPU
		{584795A2-6F74-4495-8575-6BF9CB1D501E}.Release|Any CPU.ActiveCfg = Release|Any CPU
		{584795A2-6F74-4495-8575-6BF9CB1D501E}.Release|Any CPU.Build.0 = Release|Any CPU
		{3F02421A-185F-47E5-A8E7-A6A5D83ACCA2}.Debug|Any CPU.ActiveCfg = Debug|Any CPU
		{3F02421A-185F-47E5-A8E7-A6A5D83ACCA2}.Debug|Any CPU.Build.0 = Debug|Any CPU
		{3F02421A-185F-47E5-A8E7-A6A5D83ACCA2}.Release|Any CPU.ActiveCfg = Release|Any CPU
		{3F02421A-185F-47E5-A8E7-A6A5D83ACCA2}.Release|Any CPU.Build.0 = Release|Any CPU
		{F6ADF314-DFB9-455D-9A66-BD4C85FF189F}.Debug|Any CPU.ActiveCfg = Debug|Any CPU
		{F6ADF314-DFB9-455D-9A66-BD4C85FF189F}.Debug|Any CPU.Build.0 = Debug|Any CPU
		{F6ADF314-DFB9-455D-9A66-BD4C85FF189F}.Release|Any CPU.ActiveCfg = Release|Any CPU
		{F6ADF314-DFB9-455D-9A66-BD4C85FF189F}.Release|Any CPU.Build.0 = Release|Any CPU
		{3E3BFA3C-B209-41C2-9E8A-7CA17E273AF0}.Debug|Any CPU.ActiveCfg = Debug|Any CPU
		{3E3BFA3C-B209-41C2-9E8A-7CA17E273AF0}.Debug|Any CPU.Build.0 = Debug|Any CPU
		{3E3BFA3C-B209-41C2-9E8A-7CA17E273AF0}.Release|Any CPU.ActiveCfg = Release|Any CPU
		{3E3BFA3C-B209-41C2-9E8A-7CA17E273AF0}.Release|Any CPU.Build.0 = Release|Any CPU
		{59FE013A-E546-4EFA-90E6-80F48D426EF7}.Debug|Any CPU.ActiveCfg = Debug|Any CPU
		{59FE013A-E546-4EFA-90E6-80F48D426EF7}.Debug|Any CPU.Build.0 = Debug|Any CPU
		{59FE013A-E546-4EFA-90E6-80F48D426EF7}.Release|Any CPU.ActiveCfg = Release|Any CPU
		{59FE013A-E546-4EFA-90E6-80F48D426EF7}.Release|Any CPU.Build.0 = Release|Any CPU
	EndGlobalSection
	GlobalSection(SolutionProperties) = preSolution
		HideSolutionNode = FALSE
	EndGlobalSection
	GlobalSection(ExtensibilityGlobals) = postSolution
		SolutionGuid = {7D6B05E9-4E9A-4321-A66B-14B666C6A2C1}
	EndGlobalSection
EndGlobal
